
Microsoft Visual Studio Solution File, Format Version 12.00
# Visual Studio 15
VisualStudioVersion = 15.0.28307.645
MinimumVisualStudioVersion = 10.0.40219.1
Project("{FAE04EC0-301F-11D3-BF4B-00C04F79EFBC}") = "WebApplication1", "WebApplication1\WebApplication1.csproj", "{439BAB42-09A6-491F-A26D-AE5F159B49A1}"
EndProject
Project("{FAE04EC0-301F-11D3-BF4B-00C04F79EFBC}") = "ConsoleApplication1", "ConsoleApplication1\ConsoleApplication1.csproj", "{600308FA-AF73-4F97-B7EE-423FC207D5C5}"
EndProject
Project("{FAE04EC0-301F-11D3-BF4B-00C04F79EFBC}") = "WindowsFormsApplication1", "WindowsFormsApplication1\WindowsFormsApplication1.csproj", "{E4EA76E8-03D5-4B1A-B1D9-6E8EB3683349}"
EndProject
Project("{FAE04EC0-301F-11D3-BF4B-00C04F79EFBC}") = "WindowsFormsApplication2", "WindowsFormsApplication2\WindowsFormsApplication2.csproj", "{F631F16F-43C2-4AF5-8628-892C911D3E00}"
EndProject
Project("{FAE04EC0-301F-11D3-BF4B-00C04F79EFBC}") = "ConsoleApplication2", "ConsoleApplication2\ConsoleApplication2.csproj", "{028EBFA2-F440-4FAC-B78E-43C1CBAA1E69}"
EndProject
Project("{FAE04EC0-301F-11D3-BF4B-00C04F79EFBC}") = "ConsoleApplication3", "ConsoleApplication3\ConsoleApplication3.csproj", "{9D820481-6D3E-478B-B310-52F57EA4A456}"
EndProject
Project("{FAE04EC0-301F-11D3-BF4B-00C04F79EFBC}") = "Models", "Models\Models.csproj", "{5D4A654E-1AEA-4155-A9BF-F98EC7E80C3D}"
EndProject
Project("{FAE04EC0-301F-11D3-BF4B-00C04F79EFBC}") = "ConsoleApplication4", "ConsoleApplication4\ConsoleApplication4.csproj", "{577F578C-33C2-4444-9DCE-552D825E12A6}"
EndProject
Project("{FAE04EC0-301F-11D3-BF4B-00C04F79EFBC}") = "AdminCMD", "AdminCMD\AdminCMD.csproj", "{1C8081CE-0F4E-43AA-B68A-826F6737C247}"
EndProject
Project("{FAE04EC0-301F-11D3-BF4B-00C04F79EFBC}") = "TestPayhfPost", "TestPayhfPost\TestPayhfPost.csproj", "{E8346A38-7334-40D7-A1BC-2ADBAD69E9C4}"
EndProject
Project("{FAE04EC0-301F-11D3-BF4B-00C04F79EFBC}") = "Md5TestFor", "Md5TestFor\Md5TestFor.csproj", "{9143EB27-875A-4A45-A3A8-B890BEE15E9B}"
EndProject
Project("{FAE04EC0-301F-11D3-BF4B-00C04F79EFBC}") = "SignalRChat1", "SignalRChat1\SignalRChat1.csproj", "{A8D87BE5-08D7-4EA7-BA1A-80560A51F3A6}"
EndProject
Project("{FAE04EC0-301F-11D3-BF4B-00C04F79EFBC}") = "SignalRChat2", "SignalRChat2\SignalRChat2.csproj", "{07E79573-7A4F-49CF-884E-AD3EE2018979}"
EndProject
Global
	GlobalSection(SolutionConfigurationPlatforms) = preSolution
		Debug|Any CPU = Debug|Any CPU
		Debug|x86 = Debug|x86
		Release|Any CPU = Release|Any CPU
		Release|x86 = Release|x86
	EndGlobalSection
	GlobalSection(ProjectConfigurationPlatforms) = postSolution
		{439BAB42-09A6-491F-A26D-AE5F159B49A1}.Debug|Any CPU.ActiveCfg = Debug|Any CPU
		{439BAB42-09A6-491F-A26D-AE5F159B49A1}.Debug|Any CPU.Build.0 = Debug|Any CPU
		{439BAB42-09A6-491F-A26D-AE5F159B49A1}.Debug|x86.ActiveCfg = Debug|Any CPU
		{439BAB42-09A6-491F-A26D-AE5F159B49A1}.Debug|x86.Build.0 = Debug|Any CPU
		{439BAB42-09A6-491F-A26D-AE5F159B49A1}.Release|Any CPU.ActiveCfg = Release|Any CPU
		{439BAB42-09A6-491F-A26D-AE5F159B49A1}.Release|Any CPU.Build.0 = Release|Any CPU
		{439BAB42-09A6-491F-A26D-AE5F159B49A1}.Release|x86.ActiveCfg = Release|Any CPU
		{439BAB42-09A6-491F-A26D-AE5F159B49A1}.Release|x86.Build.0 = Release|Any CPU
		{600308FA-AF73-4F97-B7EE-423FC207D5C5}.Debug|Any CPU.ActiveCfg = Debug|Any CPU
		{600308FA-AF73-4F97-B7EE-423FC207D5C5}.Debug|Any CPU.Build.0 = Debug|Any CPU
		{600308FA-AF73-4F97-B7EE-423FC207D5C5}.Debug|x86.ActiveCfg = Debug|Any CPU
		{600308FA-AF73-4F97-B7EE-423FC207D5C5}.Debug|x86.Build.0 = Debug|Any CPU
		{600308FA-AF73-4F97-B7EE-423FC207D5C5}.Release|Any CPU.ActiveCfg = Release|Any CPU
		{600308FA-AF73-4F97-B7EE-423FC207D5C5}.Release|Any CPU.Build.0 = Release|Any CPU
		{600308FA-AF73-4F97-B7EE-423FC207D5C5}.Release|x86.ActiveCfg = Release|Any CPU
		{600308FA-AF73-4F97-B7EE-423FC207D5C5}.Release|x86.Build.0 = Release|Any CPU
		{E4EA76E8-03D5-4B1A-B1D9-6E8EB3683349}.Debug|Any CPU.ActiveCfg = Debug|Any CPU
		{E4EA76E8-03D5-4B1A-B1D9-6E8EB3683349}.Debug|Any CPU.Build.0 = Debug|Any CPU
		{E4EA76E8-03D5-4B1A-B1D9-6E8EB3683349}.Debug|x86.ActiveCfg = Debug|Any CPU
		{E4EA76E8-03D5-4B1A-B1D9-6E8EB3683349}.Debug|x86.Build.0 = Debug|Any CPU
		{E4EA76E8-03D5-4B1A-B1D9-6E8EB3683349}.Release|Any CPU.ActiveCfg = Release|Any CPU
		{E4EA76E8-03D5-4B1A-B1D9-6E8EB3683349}.Release|Any CPU.Build.0 = Release|Any CPU
		{E4EA76E8-03D5-4B1A-B1D9-6E8EB3683349}.Release|x86.ActiveCfg = Release|Any CPU
		{E4EA76E8-03D5-4B1A-B1D9-6E8EB3683349}.Release|x86.Build.0 = Release|Any CPU
		{F631F16F-43C2-4AF5-8628-892C911D3E00}.Debug|Any CPU.ActiveCfg = Debug|Any CPU
		{F631F16F-43C2-4AF5-8628-892C911D3E00}.Debug|Any CPU.Build.0 = Debug|Any CPU
		{F631F16F-43C2-4AF5-8628-892C911D3E00}.Debug|x86.ActiveCfg = Debug|Any CPU
		{F631F16F-43C2-4AF5-8628-892C911D3E00}.Debug|x86.Build.0 = Debug|Any CPU
		{F631F16F-43C2-4AF5-8628-892C911D3E00}.Release|Any CPU.ActiveCfg = Release|Any CPU
		{F631F16F-43C2-4AF5-8628-892C911D3E00}.Release|Any CPU.Build.0 = Release|Any CPU
		{F631F16F-43C2-4AF5-8628-892C911D3E00}.Release|x86.ActiveCfg = Release|Any CPU
		{F631F16F-43C2-4AF5-8628-892C911D3E00}.Release|x86.Build.0 = Release|Any CPU
		{028EBFA2-F440-4FAC-B78E-43C1CBAA1E69}.Debug|Any CPU.ActiveCfg = Debug|Any CPU
		{028EBFA2-F440-4FAC-B78E-43C1CBAA1E69}.Debug|Any CPU.Build.0 = Debug|Any CPU
		{028EBFA2-F440-4FAC-B78E-43C1CBAA1E69}.Debug|x86.ActiveCfg = Debug|Any CPU
		{028EBFA2-F440-4FAC-B78E-43C1CBAA1E69}.Debug|x86.Build.0 = Debug|Any CPU
		{028EBFA2-F440-4FAC-B78E-43C1CBAA1E69}.Release|Any CPU.ActiveCfg = Release|Any CPU
		{028EBFA2-F440-4FAC-B78E-43C1CBAA1E69}.Release|Any CPU.Build.0 = Release|Any CPU
		{028EBFA2-F440-4FAC-B78E-43C1CBAA1E69}.Release|x86.ActiveCfg = Release|Any CPU
		{028EBFA2-F440-4FAC-B78E-43C1CBAA1E69}.Release|x86.Build.0 = Release|Any CPU
		{9D820481-6D3E-478B-B310-52F57EA4A456}.Debug|Any CPU.ActiveCfg = Debug|Any CPU
		{9D820481-6D3E-478B-B310-52F57EA4A456}.Debug|Any CPU.Build.0 = Debug|Any CPU
		{9D820481-6D3E-478B-B310-52F57EA4A456}.Debug|x86.ActiveCfg = Debug|Any CPU
		{9D820481-6D3E-478B-B310-52F57EA4A456}.Debug|x86.Build.0 = Debug|Any CPU
		{9D820481-6D3E-478B-B310-52F57EA4A456}.Release|Any CPU.ActiveCfg = Release|Any CPU
		{9D820481-6D3E-478B-B310-52F57EA4A456}.Release|Any CPU.Build.0 = Release|Any CPU
		{9D820481-6D3E-478B-B310-52F57EA4A456}.Release|x86.ActiveCfg = Release|Any CPU
		{9D820481-6D3E-478B-B310-52F57EA4A456}.Release|x86.Build.0 = Release|Any CPU
		{5D4A654E-1AEA-4155-A9BF-F98EC7E80C3D}.Debug|Any CPU.ActiveCfg = Debug|Any CPU
		{5D4A654E-1AEA-4155-A9BF-F98EC7E80C3D}.Debug|Any CPU.Build.0 = Debug|Any CPU
		{5D4A654E-1AEA-4155-A9BF-F98EC7E80C3D}.Debug|x86.ActiveCfg = Debug|Any CPU
		{5D4A654E-1AEA-4155-A9BF-F98EC7E80C3D}.Debug|x86.Build.0 = Debug|Any CPU
		{5D4A654E-1AEA-4155-A9BF-F98EC7E80C3D}.Release|Any CPU.ActiveCfg = Release|Any CPU
		{5D4A654E-1AEA-4155-A9BF-F98EC7E80C3D}.Release|Any CPU.Build.0 = Release|Any CPU
		{5D4A654E-1AEA-4155-A9BF-F98EC7E80C3D}.Release|x86.ActiveCfg = Release|Any CPU
		{5D4A654E-1AEA-4155-A9BF-F98EC7E80C3D}.Release|x86.Build.0 = Release|Any CPU
		{577F578C-33C2-4444-9DCE-552D825E12A6}.Debug|Any CPU.ActiveCfg = Debug|Any CPU
		{577F578C-33C2-4444-9DCE-552D825E12A6}.Debug|Any CPU.Build.0 = Debug|Any CPU
		{577F578C-33C2-4444-9DCE-552D825E12A6}.Debug|x86.ActiveCfg = Debug|Any CPU
		{577F578C-33C2-4444-9DCE-552D825E12A6}.Debug|x86.Build.0 = Debug|Any CPU
		{577F578C-33C2-4444-9DCE-552D825E12A6}.Release|Any CPU.ActiveCfg = Release|Any CPU
		{577F578C-33C2-4444-9DCE-552D825E12A6}.Release|Any CPU.Build.0 = Release|Any CPU
		{577F578C-33C2-4444-9DCE-552D825E12A6}.Release|x86.ActiveCfg = Release|Any CPU
		{577F578C-33C2-4444-9DCE-552D825E12A6}.Release|x86.Build.0 = Release|Any CPU
		{1C8081CE-0F4E-43AA-B68A-826F6737C247}.Debug|Any CPU.ActiveCfg = Debug|Any CPU
		{1C8081CE-0F4E-43AA-B68A-826F6737C247}.Debug|Any CPU.Build.0 = Debug|Any CPU
		{1C8081CE-0F4E-43AA-B68A-826F6737C247}.Debug|x86.ActiveCfg = Debug|Any CPU
		{1C8081CE-0F4E-43AA-B68A-826F6737C247}.Debug|x86.Build.0 = Debug|Any CPU
		{1C8081CE-0F4E-43AA-B68A-826F6737C247}.Release|Any CPU.ActiveCfg = Release|Any CPU
		{1C8081CE-0F4E-43AA-B68A-826F6737C247}.Release|Any CPU.Build.0 = Release|Any CPU
		{1C8081CE-0F4E-43AA-B68A-826F6737C247}.Release|x86.ActiveCfg = Release|Any CPU
		{1C8081CE-0F4E-43AA-B68A-826F6737C247}.Release|x86.Build.0 = Release|Any CPU
		{E8346A38-7334-40D7-A1BC-2ADBAD69E9C4}.Debug|Any CPU.ActiveCfg = Debug|Any CPU
		{E8346A38-7334-40D7-A1BC-2ADBAD69E9C4}.Debug|Any CPU.Build.0 = Debug|Any CPU
		{E8346A38-7334-40D7-A1BC-2ADBAD69E9C4}.Debug|x86.ActiveCfg = Debug|Any CPU
		{E8346A38-7334-40D7-A1BC-2ADBAD69E9C4}.Debug|x86.Build.0 = Debug|Any CPU
		{E8346A38-7334-40D7-A1BC-2ADBAD69E9C4}.Release|Any CPU.ActiveCfg = Release|Any CPU
		{E8346A38-7334-40D7-A1BC-2ADBAD69E9C4}.Release|Any CPU.Build.0 = Release|Any CPU
		{E8346A38-7334-40D7-A1BC-2ADBAD69E9C4}.Release|x86.ActiveCfg = Release|Any CPU
		{E8346A38-7334-40D7-A1BC-2ADBAD69E9C4}.Release|x86.Build.0 = Release|Any CPU
		{9143EB27-875A-4A45-A3A8-B890BEE15E9B}.Debug|Any CPU.ActiveCfg = Debug|Any CPU
		{9143EB27-875A-4A45-A3A8-B890BEE15E9B}.Debug|Any CPU.Build.0 = Debug|Any CPU
		{9143EB27-875A-4A45-A3A8-B890BEE15E9B}.Debug|x86.ActiveCfg = Debug|Any CPU
		{9143EB27-875A-4A45-A3A8-B890BEE15E9B}.Debug|x86.Build.0 = Debug|Any CPU
		{9143EB27-875A-4A45-A3A8-B890BEE15E9B}.Release|Any CPU.ActiveCfg = Release|Any CPU
		{9143EB27-875A-4A45-A3A8-B890BEE15E9B}.Release|Any CPU.Build.0 = Release|Any CPU
		{9143EB27-875A-4A45-A3A8-B890BEE15E9B}.Release|x86.ActiveCfg = Release|Any CPU
		{9143EB27-875A-4A45-A3A8-B890BEE15E9B}.Release|x86.Build.0 = Release|Any CPU
		{A8D87BE5-08D7-4EA7-BA1A-80560A51F3A6}.Debug|Any CPU.ActiveCfg = Debug|Any CPU
		{A8D87BE5-08D7-4EA7-BA1A-80560A51F3A6}.Debug|Any CPU.Build.0 = Debug|Any CPU
		{A8D87BE5-08D7-4EA7-BA1A-80560A51F3A6}.Debug|x86.ActiveCfg = Debug|Any CPU
		{A8D87BE5-08D7-4EA7-BA1A-80560A51F3A6}.Debug|x86.Build.0 = Debug|Any CPU
		{A8D87BE5-08D7-4EA7-BA1A-80560A51F3A6}.Release|Any CPU.ActiveCfg = Release|Any CPU
		{A8D87BE5-08D7-4EA7-BA1A-80560A51F3A6}.Release|Any CPU.Build.0 = Release|Any CPU
		{A8D87BE5-08D7-4EA7-BA1A-80560A51F3A6}.Release|x86.ActiveCfg = Release|Any CPU
		{A8D87BE5-08D7-4EA7-BA1A-80560A51F3A6}.Release|x86.Build.0 = Release|Any CPU
		{07E79573-7A4F-49CF-884E-AD3EE2018979}.Debug|Any CPU.ActiveCfg = Debug|Any CPU
		{07E79573-7A4F-49CF-884E-AD3EE2018979}.Debug|Any CPU.Build.0 = Debug|Any CPU
		{07E79573-7A4F-49CF-884E-AD3EE2018979}.Debug|x86.ActiveCfg = Debug|Any CPU
		{07E79573-7A4F-49CF-884E-AD3EE2018979}.Debug|x86.Build.0 = Debug|Any CPU
		{07E79573-7A4F-49CF-884E-AD3EE2018979}.Release|Any CPU.ActiveCfg = Release|Any CPU
		{07E79573-7A4F-49CF-884E-AD3EE2018979}.Release|Any CPU.Build.0 = Release|Any CPU
		{07E79573-7A4F-49CF-884E-AD3EE2018979}.Release|x86.ActiveCfg = Release|Any CPU
		{07E79573-7A4F-49CF-884E-AD3EE2018979}.Release|x86.Build.0 = Release|Any CPU
	EndGlobalSection
	GlobalSection(SolutionProperties) = preSolution
		HideSolutionNode = FALSE
	EndGlobalSection
	GlobalSection(ExtensibilityGlobals) = postSolution
		SolutionGuid = {84E6449F-AD56-4671-BFF8-0118355BCAE3}
	EndGlobalSection
	GlobalSection(MonoDevelopProperties) = preSolution
		StartupItem = Samples\ConsoleApp\ConsoleApp.csproj
		Policies = $0
		$0.TextStylePolicy = $4
		$1.FileWidth = 120
		$1.TabWidth = 2
		$1.IndentWidth = 2
		$1.NoTabsAfterNonTabs = True
		$1.EolMarker = Windows
		$1.inheritsSet = VisualStudio
		$1.inheritsScope = text/plain
		$1.scope = text/x-csharp
		$0.CSharpFormattingPolicy = $2
		$2.BeforeMethodDeclarationParentheses = False
		$2.BeforeMethodCallParentheses = False
		$2.BeforeConstructorDeclarationParentheses = False
		$2.BeforeIndexerDeclarationBracket = False
		$2.BeforeDelegateDeclarationParentheses = False
		$2.AfterDelegateDeclarationParameterComma = True
		$2.NewParentheses = False
		$2.SpacesBeforeBrackets = False
		$2.inheritsSet = Mono
		$2.inheritsScope = text/x-csharp
		$2.scope = text/x-csharp
		$0.DotNetNamingPolicy = $3
		$3.DirectoryNamespaceAssociation = PrefixedHierarchical
		$3.ResourceNamePolicy = FileFormatDefault
		$4.FileWidth = 120
		$4.TabWidth = 4
		$4.inheritsSet = Mono
		$4.inheritsScope = text/plain
		$4.scope = text/plain
	EndGlobalSection
EndGlobal
